// !$*UTF8*$!
{
	archiveVersion = 1;
	classes = {
	};
	objectVersion = 56;
	objects = {

/* Begin PBXBuildFile section */
		D6BD6E602A081DD200B403FB /* ticTacToeApp.swift in Sources */ = {isa = PBXBuildFile; fileRef = D6BD6E5F2A081DD200B403FB /* ticTacToeApp.swift */; };
		D6BD6E622A081DD200B403FB /* ContentView.swift in Sources */ = {isa = PBXBuildFile; fileRef = D6BD6E612A081DD200B403FB /* ContentView.swift */; };
		D6BD6E642A081DD300B403FB /* Assets.xcassets in Resources */ = {isa = PBXBuildFile; fileRef = D6BD6E632A081DD300B403FB /* Assets.xcassets */; };
		D6BD6E672A081DD300B403FB /* Preview Assets.xcassets in Resources */ = {isa = PBXBuildFile; fileRef = D6BD6E662A081DD300B403FB /* Preview Assets.xcassets */; };
		D6BD6E6E2A081F5200B403FB /* MenuButtonView.swift in Sources */ = {isa = PBXBuildFile; fileRef = D6BD6E6D2A081F5200B403FB /* MenuButtonView.swift */; };
		D6BD6E702A0828AF00B403FB /* MenuTitleView.swift in Sources */ = {isa = PBXBuildFile; fileRef = D6BD6E6F2A0828AF00B403FB /* MenuTitleView.swift */; };
		D6BD6E722A082C3D00B403FB /* SymbolModels.swift in Sources */ = {isa = PBXBuildFile; fileRef = D6BD6E712A082C3D00B403FB /* SymbolModels.swift */; };
		D6BD6E752A0830FA00B403FB /* MenuView.swift in Sources */ = {isa = PBXBuildFile; fileRef = D6BD6E742A0830FA00B403FB /* MenuView.swift */; };
		D6BD6E792A08342800B403FB /* GameState.swift in Sources */ = {isa = PBXBuildFile; fileRef = D6BD6E782A08342800B403FB /* GameState.swift */; };
		D6BD6E7B2A0837EE00B403FB /* GameCellView.swift in Sources */ = {isa = PBXBuildFile; fileRef = D6BD6E7A2A0837EE00B403FB /* GameCellView.swift */; };
		D6BD6E842A08558D00B403FB /* GameView.swift in Sources */ = {isa = PBXBuildFile; fileRef = D6BD6E832A08558D00B403FB /* GameView.swift */; };
		D6CF8F962A08585D006E7DB6 /* GameFinish.swift in Sources */ = {isa = PBXBuildFile; fileRef = D6CF8F952A08585D006E7DB6 /* GameFinish.swift */; };
		D6CF8F982A085D0C006E7DB6 /* OverlayView.swift in Sources */ = {isa = PBXBuildFile; fileRef = D6CF8F972A085D0C006E7DB6 /* OverlayView.swift */; };
		D6CF8F9A2A0864F4006E7DB6 /* TabBarButtonView.swift in Sources */ = {isa = PBXBuildFile; fileRef = D6CF8F992A0864F4006E7DB6 /* TabBarButtonView.swift */; };
		D6CF8F9C2A086A2C006E7DB6 /* DrawState.swift in Sources */ = {isa = PBXBuildFile; fileRef = D6CF8F9B2A086A2C006E7DB6 /* DrawState.swift */; };
		D6CF8F9E2A086ED5006E7DB6 /* GameField.swift in Sources */ = {isa = PBXBuildFile; fileRef = D6CF8F9D2A086ED5006E7DB6 /* GameField.swift */; };
		D6CF8FA02A087945006E7DB6 /* tabbarState.swift in Sources */ = {isa = PBXBuildFile; fileRef = D6CF8F9F2A087945006E7DB6 /* tabbarState.swift */; };
/* End PBXBuildFile section */

/* Begin PBXFileReference section */
		D6BD6E5C2A081DD200B403FB /* ticTacToe.app */ = {isa = PBXFileReference; explicitFileType = wrapper.application; includeInIndex = 0; path = ticTacToe.app; sourceTree = BUILT_PRODUCTS_DIR; };
		D6BD6E5F2A081DD200B403FB /* ticTacToeApp.swift */ = {isa = PBXFileReference; lastKnownFileType = sourcecode.swift; path = ticTacToeApp.swift; sourceTree = "<group>"; };
		D6BD6E612A081DD200B403FB /* ContentView.swift */ = {isa = PBXFileReference; lastKnownFileType = sourcecode.swift; path = ContentView.swift; sourceTree = "<group>"; };
		D6BD6E632A081DD300B403FB /* Assets.xcassets */ = {isa = PBXFileReference; lastKnownFileType = folder.assetcatalog; path = Assets.xcassets; sourceTree = "<group>"; };
		D6BD6E662A081DD300B403FB /* Preview Assets.xcassets */ = {isa = PBXFileReference; lastKnownFileType = folder.assetcatalog; path = "Preview Assets.xcassets"; sourceTree = "<group>"; };
		D6BD6E6D2A081F5200B403FB /* MenuButtonView.swift */ = {isa = PBXFileReference; lastKnownFileType = sourcecode.swift; path = MenuButtonView.swift; sourceTree = "<group>"; };
		D6BD6E6F2A0828AF00B403FB /* MenuTitleView.swift */ = {isa = PBXFileReference; lastKnownFileType = sourcecode.swift; path = MenuTitleView.swift; sourceTree = "<group>"; };
		D6BD6E712A082C3D00B403FB /* SymbolModels.swift */ = {isa = PBXFileReference; lastKnownFileType = sourcecode.swift; path = SymbolModels.swift; sourceTree = "<group>"; };
		D6BD6E742A0830FA00B403FB /* MenuView.swift */ = {isa = PBXFileReference; lastKnownFileType = sourcecode.swift; path = MenuView.swift; sourceTree = "<group>"; };
		D6BD6E782A08342800B403FB /* GameState.swift */ = {isa = PBXFileReference; lastKnownFileType = sourcecode.swift; path = GameState.swift; sourceTree = "<group>"; };
		D6BD6E7A2A0837EE00B403FB /* GameCellView.swift */ = {isa = PBXFileReference; lastKnownFileType = sourcecode.swift; path = GameCellView.swift; sourceTree = "<group>"; };
		D6BD6E832A08558D00B403FB /* GameView.swift */ = {isa = PBXFileReference; lastKnownFileType = sourcecode.swift; path = GameView.swift; sourceTree = "<group>"; };
		D6CF8F952A08585D006E7DB6 /* GameFinish.swift */ = {isa = PBXFileReference; lastKnownFileType = sourcecode.swift; path = GameFinish.swift; sourceTree = "<group>"; };
		D6CF8F972A085D0C006E7DB6 /* OverlayView.swift */ = {isa = PBXFileReference; lastKnownFileType = sourcecode.swift; path = OverlayView.swift; sourceTree = "<group>"; };
		D6CF8F992A0864F4006E7DB6 /* TabBarButtonView.swift */ = {isa = PBXFileReference; lastKnownFileType = sourcecode.swift; path = TabBarButtonView.swift; sourceTree = "<group>"; };
		D6CF8F9B2A086A2C006E7DB6 /* DrawState.swift */ = {isa = PBXFileReference; lastKnownFileType = sourcecode.swift; path = DrawState.swift; sourceTree = "<group>"; };
		D6CF8F9D2A086ED5006E7DB6 /* GameField.swift */ = {isa = PBXFileReference; lastKnownFileType = sourcecode.swift; path = GameField.swift; sourceTree = "<group>"; };
		D6CF8F9F2A087945006E7DB6 /* tabbarState.swift */ = {isa = PBXFileReference; lastKnownFileType = sourcecode.swift; path = tabbarState.swift; sourceTree = "<group>"; };
/* End PBXFileReference section */

/* Begin PBXFrameworksBuildPhase section */
		D6BD6E592A081DD200B403FB /* Frameworks */ = {
			isa = PBXFrameworksBuildPhase;
			buildActionMask = 2147483647;
			files = (
			);
			runOnlyForDeploymentPostprocessing = 0;
		};
/* End PBXFrameworksBuildPhase section */

/* Begin PBXGroup section */
		D6BD6E532A081DD200B403FB = {
			isa = PBXGroup;
			children = (
				D6CF8F9F2A087945006E7DB6 /* tabbarState.swift */,
				D6CF8F9D2A086ED5006E7DB6 /* GameField.swift */,
				D6BD6E5F2A081DD200B403FB /* ticTacToeApp.swift */,
				D6BD6E612A081DD200B403FB /* ContentView.swift */,
				D6BD6E5E2A081DD200B403FB /* ticTacToe */,
				D6BD6E5D2A081DD200B403FB /* Products */,
			);
			sourceTree = "<group>";
		};
		D6BD6E5D2A081DD200B403FB /* Products */ = {
			isa = PBXGroup;
			children = (
				D6BD6E5C2A081DD200B403FB /* ticTacToe.app */,
			);
			name = Products;
			sourceTree = "<group>";
		};
		D6BD6E5E2A081DD200B403FB /* ticTacToe */ = {
			isa = PBXGroup;
			children = (
				D6CF8F992A0864F4006E7DB6 /* TabBarButtonView.swift */,
				D6BD6E802A0854F200B403FB /* Game */,
				D6BD6E732A0830DC00B403FB /* Menu */,
				D6BD6E712A082C3D00B403FB /* SymbolModels.swift */,
				D6BD6E632A081DD300B403FB /* Assets.xcassets */,
				D6BD6E652A081DD300B403FB /* Preview Content */,
			);
			path = ticTacToe;
			sourceTree = "<group>";
		};
		D6BD6E652A081DD300B403FB /* Preview Content */ = {
			isa = PBXGroup;
			children = (
				D6BD6E662A081DD300B403FB /* Preview Assets.xcassets */,
			);
			path = "Preview Content";
			sourceTree = "<group>";
		};
		D6BD6E732A0830DC00B403FB /* Menu */ = {
			isa = PBXGroup;
			children = (
				D6BD6E6F2A0828AF00B403FB /* MenuTitleView.swift */,
				D6BD6E742A0830FA00B403FB /* MenuView.swift */,
				D6BD6E6D2A081F5200B403FB /* MenuButtonView.swift */,
			);
			path = Menu;
			sourceTree = "<group>";
		};
		D6BD6E802A0854F200B403FB /* Game */ = {
			isa = PBXGroup;
			children = (
				D6BD6E782A08342800B403FB /* GameState.swift */,
				D6BD6E832A08558D00B403FB /* GameView.swift */,
				D6CF8F972A085D0C006E7DB6 /* OverlayView.swift */,
				D6CF8F952A08585D006E7DB6 /* GameFinish.swift */,
				D6BD6E7A2A0837EE00B403FB /* GameCellView.swift */,
				D6CF8F9B2A086A2C006E7DB6 /* DrawState.swift */,
			);
			path = Game;
			sourceTree = "<group>";
		};
/* End PBXGroup section */

/* Begin PBXNativeTarget section */
		D6BD6E5B2A081DD200B403FB /* ticTacToe */ = {
			isa = PBXNativeTarget;
			buildConfigurationList = D6BD6E6A2A081DD300B403FB /* Build configuration list for PBXNativeTarget "ticTacToe" */;
			buildPhases = (
				D6BD6E582A081DD200B403FB /* Sources */,
				D6BD6E592A081DD200B403FB /* Frameworks */,
				D6BD6E5A2A081DD200B403FB /* Resources */,
			);
			buildRules = (
			);
			dependencies = (
			);
			name = ticTacToe;
			productName = ticTacToe;
			productReference = D6BD6E5C2A081DD200B403FB /* ticTacToe.app */;
			productType = "com.apple.product-type.application";
		};
/* End PBXNativeTarget section */

/* Begin PBXProject section */
		D6BD6E542A081DD200B403FB /* Project object */ = {
			isa = PBXProject;
			attributes = {
				BuildIndependentTargetsInParallel = 1;
				LastSwiftUpdateCheck = 1430;
				LastUpgradeCheck = 1430;
				TargetAttributes = {
					D6BD6E5B2A081DD200B403FB = {
						CreatedOnToolsVersion = 14.3;
					};
				};
			};
			buildConfigurationList = D6BD6E572A081DD200B403FB /* Build configuration list for PBXProject "ticTacToe" */;
			compatibilityVersion = "Xcode 14.0";
			developmentRegion = en;
			hasScannedForEncodings = 0;
			knownRegions = (
				en,
				Base,
			);
			mainGroup = D6BD6E532A081DD200B403FB;
			productRefGroup = D6BD6E5D2A081DD200B403FB /* Products */;
			projectDirPath = "";
			projectRoot = "";
			targets = (
				D6BD6E5B2A081DD200B403FB /* ticTacToe */,
			);
		};
/* End PBXProject section */

/* Begin PBXResourcesBuildPhase section */
		D6BD6E5A2A081DD200B403FB /* Resources */ = {
			isa = PBXResourcesBuildPhase;
			buildActionMask = 2147483647;
			files = (
				D6BD6E672A081DD300B403FB /* Preview Assets.xcassets in Resources */,
				D6BD6E642A081DD300B403FB /* Assets.xcassets in Resources */,
			);
			runOnlyForDeploymentPostprocessing = 0;
		};
/* End PBXResourcesBuildPhase section */

/* Begin PBXSourcesBuildPhase section */
		D6BD6E582A081DD200B403FB /* Sources */ = {
			isa = PBXSourcesBuildPhase;
			buildActionMask = 2147483647;
			files = (
				D6BD6E6E2A081F5200B403FB /* MenuButtonView.swift in Sources */,
				D6CF8F9C2A086A2C006E7DB6 /* DrawState.swift in Sources */,
				D6CF8FA02A087945006E7DB6 /* tabbarState.swift in Sources */,
				D6CF8F9E2A086ED5006E7DB6 /* GameField.swift in Sources */,
				D6CF8F982A085D0C006E7DB6 /* OverlayView.swift in Sources */,
				D6BD6E752A0830FA00B403FB /* MenuView.swift in Sources */,
				D6CF8F962A08585D006E7DB6 /* GameFinish.swift in Sources */,
				D6CF8F9A2A0864F4006E7DB6 /* TabBarButtonView.swift in Sources */,
				D6BD6E702A0828AF00B403FB /* MenuTitleView.swift in Sources */,
				D6BD6E622A081DD200B403FB /* ContentView.swift in Sources */,
				D6BD6E792A08342800B403FB /* GameState.swift in Sources */,
				D6BD6E722A082C3D00B403FB /* SymbolModels.swift in Sources */,
				D6BD6E602A081DD200B403FB /* ticTacToeApp.swift in Sources */,
				D6BD6E842A08558D00B403FB /* GameView.swift in Sources */,
				D6BD6E7B2A0837EE00B403FB /* GameCellView.swift in Sources */,
			);
			runOnlyForDeploymentPostprocessing = 0;
		};
/* End PBXSourcesBuildPhase section */

/* Begin XCBuildConfiguration section */
		D6BD6E682A081DD300B403FB /* Debug */ = {
			isa = XCBuildConfiguration;
			buildSettings = {
				ALWAYS_SEARCH_USER_PATHS = NO;
				CLANG_ANALYZER_NONNULL = YES;
				CLANG_ANALYZER_NUMBER_OBJECT_CONVERSION = YES_AGGRESSIVE;
				CLANG_CXX_LANGUAGE_STANDARD = "gnu++20";
				CLANG_ENABLE_MODULES = YES;
				CLANG_ENABLE_OBJC_ARC = YES;
				CLANG_ENABLE_OBJC_WEAK = YES;
				CLANG_WARN_BLOCK_CAPTURE_AUTORELEASING = YES;
				CLANG_WARN_BOOL_CONVERSION = YES;
				CLANG_WARN_COMMA = YES;
				CLANG_WARN_CONSTANT_CONVERSION = YES;
				CLANG_WARN_DEPRECATED_OBJC_IMPLEMENTATIONS = YES;
				CLANG_WARN_DIRECT_OBJC_ISA_USAGE = YES_ERROR;
				CLANG_WARN_DOCUMENTATION_COMMENTS = YES;
				CLANG_WARN_EMPTY_BODY = YES;
				CLANG_WARN_ENUM_CONVERSION = YES;
				CLANG_WARN_INFINITE_RECURSION = YES;
				CLANG_WARN_INT_CONVERSION = YES;
				CLANG_WARN_NON_LITERAL_NULL_CONVERSION = YES;
				CLANG_WARN_OBJC_IMPLICIT_RETAIN_SELF = YES;
				CLANG_WARN_OBJC_LITERAL_CONVERSION = YES;
				CLANG_WARN_OBJC_ROOT_CLASS = YES_ERROR;
				CLANG_WARN_QUOTED_INCLUDE_IN_FRAMEWORK_HEADER = YES;
				CLANG_WARN_RANGE_LOOP_ANALYSIS = YES;
				CLANG_WARN_STRICT_PROTOTYPES = YES;
				CLANG_WARN_SUSPICIOUS_MOVE = YES;
				CLANG_WARN_UNGUARDED_AVAILABILITY = YES_AGGRESSIVE;
				CLANG_WARN_UNREACHABLE_CODE = YES;
				CLANG_WARN__DUPLICATE_METHOD_MATCH = YES;
				COPY_PHASE_STRIP = NO;
				DEBUG_INFORMATION_FORMAT = dwarf;
				ENABLE_STRICT_OBJC_MSGSEND = YES;
				ENABLE_TESTABILITY = YES;
				GCC_C_LANGUAGE_STANDARD = gnu11;
				GCC_DYNAMIC_NO_PIC = NO;
				GCC_NO_COMMON_BLOCKS = YES;
				GCC_OPTIMIZATION_LEVEL = 0;
				GCC_PREPROCESSOR_DEFINITIONS = (
					"DEBUG=1",
					"$(inherited)",
				);
				GCC_WARN_64_TO_32_BIT_CONVERSION = YES;
				GCC_WARN_ABOUT_RETURN_TYPE = YES_ERROR;
				GCC_WARN_UNDECLARED_SELECTOR = YES;
				GCC_WARN_UNINITIALIZED_AUTOS = YES_AGGRESSIVE;
				GCC_WARN_UNUSED_FUNCTION = YES;
				GCC_WARN_UNUSED_VARIABLE = YES;
				IPHONEOS_DEPLOYMENT_TARGET = 16.4;
				MTL_ENABLE_DEBUG_INFO = INCLUDE_SOURCE;
				MTL_FAST_MATH = YES;
				ONLY_ACTIVE_ARCH = YES;
				SDKROOT = iphoneos;
				SWIFT_ACTIVE_COMPILATION_CONDITIONS = DEBUG;
				SWIFT_OPTIMIZATION_LEVEL = "-Onone";
			};
			name = Debug;
		};
		D6BD6E692A081DD300B403FB /* Release */ = {
			isa = XCBuildConfiguration;
			buildSettings = {
				ALWAYS_SEARCH_USER_PATHS = NO;
				CLANG_ANALYZER_NONNULL = YES;
				CLANG_ANALYZER_NUMBER_OBJECT_CONVERSION = YES_AGGRESSIVE;
				CLANG_CXX_LANGUAGE_STANDARD = "gnu++20";
				CLANG_ENABLE_MODULES = YES;
				CLANG_ENABLE_OBJC_ARC = YES;
				CLANG_ENABLE_OBJC_WEAK = YES;
				CLANG_WARN_BLOCK_CAPTURE_AUTORELEASING = YES;
				CLANG_WARN_BOOL_CONVERSION = YES;
				CLANG_WARN_COMMA = YES;
				CLANG_WARN_CONSTANT_CONVERSION = YES;
				CLANG_WARN_DEPRECATED_OBJC_IMPLEMENTATIONS = YES;
				CLANG_WARN_DIRECT_OBJC_ISA_USAGE = YES_ERROR;
				CLANG_WARN_DOCUMENTATION_COMMENTS = YES;
				CLANG_WARN_EMPTY_BODY = YES;
				CLANG_WARN_ENUM_CONVERSION = YES;
				CLANG_WARN_INFINITE_RECURSION = YES;
				CLANG_WARN_INT_CONVERSION = YES;
				CLANG_WARN_NON_LITERAL_NULL_CONVERSION = YES;
				CLANG_WARN_OBJC_IMPLICIT_RETAIN_SELF = YES;
				CLANG_WARN_OBJC_LITERAL_CONVERSION = YES;
				CLANG_WARN_OBJC_ROOT_CLASS = YES_ERROR;
				CLANG_WARN_QUOTED_INCLUDE_IN_FRAMEWORK_HEADER = YES;
				CLANG_WARN_RANGE_LOOP_ANALYSIS = YES;
				CLANG_WARN_STRICT_PROTOTYPES = YES;
				CLANG_WARN_SUSPICIOUS_MOVE = YES;
				CLANG_WARN_UNGUARDED_AVAILABILITY = YES_AGGRESSIVE;
				CLANG_WARN_UNREACHABLE_CODE = YES;
				CLANG_WARN__DUPLICATE_METHOD_MATCH = YES;
				COPY_PHASE_STRIP = NO;
				DEBUG_INFORMATION_FORMAT = "dwarf-with-dsym";
				ENABLE_NS_ASSERTIONS = NO;
				ENABLE_STRICT_OBJC_MSGSEND = YES;
				GCC_C_LANGUAGE_STANDARD = gnu11;
				GCC_NO_COMMON_BLOCKS = YES;
				GCC_WARN_64_TO_32_BIT_CONVERSION = YES;
				GCC_WARN_ABOUT_RETURN_TYPE = YES_ERROR;
				GCC_WARN_UNDECLARED_SELECTOR = YES;
				GCC_WARN_UNINITIALIZED_AUTOS = YES_AGGRESSIVE;
				GCC_WARN_UNUSED_FUNCTION = YES;
				GCC_WARN_UNUSED_VARIABLE = YES;
				IPHONEOS_DEPLOYMENT_TARGET = 16.4;
				MTL_ENABLE_DEBUG_INFO = NO;
				MTL_FAST_MATH = YES;
				SDKROOT = iphoneos;
				SWIFT_COMPILATION_MODE = wholemodule;
				SWIFT_OPTIMIZATION_LEVEL = "-O";
				VALIDATE_PRODUCT = YES;
			};
			name = Release;
		};
		D6BD6E6B2A081DD300B403FB /* Debug */ = {
			isa = XCBuildConfiguration;
			buildSettings = {
				ASSETCATALOG_COMPILER_APPICON_NAME = AppIcon;
				ASSETCATALOG_COMPILER_GLOBAL_ACCENT_COLOR_NAME = AccentColor;
				CODE_SIGN_STYLE = Automatic;
				CURRENT_PROJECT_VERSION = 1;
				DEVELOPMENT_ASSET_PATHS = "\"ticTacToe/Preview Content\"";
				DEVELOPMENT_TEAM = 3KW36D72ZJ;
				ENABLE_PREVIEWS = YES;
				GENERATE_INFOPLIST_FILE = YES;
				INFOPLIST_KEY_UIApplicationSceneManifest_Generation = YES;
				INFOPLIST_KEY_UIApplicationSupportsIndirectInputEvents = YES;
				INFOPLIST_KEY_UILaunchScreen_Generation = YES;
				INFOPLIST_KEY_UISupportedInterfaceOrientations_iPad = "UIInterfaceOrientationPortrait UIInterfaceOrientationPortraitUpsideDown UIInterfaceOrientationLandscapeLeft UIInterfaceOrientationLandscapeRight";
				INFOPLIST_KEY_UISupportedInterfaceOrientations_iPhone = "UIInterfaceOrientationPortrait UIInterfaceOrientationLandscapeLeft UIInterfaceOrientationLandscapeRight";
				LD_RUNPATH_SEARCH_PATHS = (
					"$(inherited)",
					"@executable_path/Frameworks",
				);
				MARKETING_VERSION = 1.0;
				PRODUCT_BUNDLE_IDENTIFIER = IA.ticTacToe;
				PRODUCT_NAME = "$(TARGET_NAME)";
				SWIFT_EMIT_LOC_STRINGS = YES;
				SWIFT_VERSION = 5.0;
				TARGETED_DEVICE_FAMILY = "1,2";
			};
			name = Debug;
		};
		D6BD6E6C2A081DD300B403FB /* Release */ = {
			isa = XCBuildConfiguration;
			buildSettings = {
				ASSETCATALOG_COMPILER_APPICON_NAME = AppIcon;
				ASSETCATALOG_COMPILER_GLOBAL_ACCENT_COLOR_NAME = AccentColor;
				CODE_SIGN_STYLE = Automatic;
				CURRENT_PROJECT_VERSION = 1;
				DEVELOPMENT_ASSET_PATHS = "\"ticTacToe/Preview Content\"";
				DEVELOPMENT_TEAM = 3KW36D72ZJ;
				ENABLE_PREVIEWS = YES;
				GENERATE_INFOPLIST_FILE = YES;
				INFOPLIST_KEY_UIApplicationSceneManifest_Generation = YES;
				INFOPLIST_KEY_UIApplicationSupportsIndirectInputEvents = YES;
				INFOPLIST_KEY_UILaunchScreen_Generation = YES;
				INFOPLIST_KEY_UISupportedInterfaceOrientations_iPad = "UIInterfaceOrientationPortrait UIInterfaceOrientationPortraitUpsideDown UIInterfaceOrientationLandscapeLeft UIInterfaceOrientationLandscapeRight";
				INFOPLIST_KEY_UISupportedInterfaceOrientations_iPhone = "UIInterfaceOrientationPortrait UIInterfaceOrientationLandscapeLeft UIInterfaceOrientationLandscapeRight";
				LD_RUNPATH_SEARCH_PATHS = (
					"$(inherited)",
					"@executable_path/Frameworks",
				);
				MARKETING_VERSION = 1.0;
				PRODUCT_BUNDLE_IDENTIFIER = IA.ticTacToe;
				PRODUCT_NAME = "$(TARGET_NAME)";
				SWIFT_EMIT_LOC_STRINGS = YES;
				SWIFT_VERSION = 5.0;
				TARGETED_DEVICE_FAMILY = "1,2";
			};
			name = Release;
		};
/* End XCBuildConfiguration section */

/* Begin XCConfigurationList section */
		D6BD6E572A081DD200B403FB /* Build configuration list for PBXProject "ticTacToe" */ = {
			isa = XCConfigurationList;
			buildConfigurations = (
				D6BD6E682A081DD300B403FB /* Debug */,
				D6BD6E692A081DD300B403FB /* Release */,
			);
			defaultConfigurationIsVisible = 0;
			defaultConfigurationName = Release;
		};
		D6BD6E6A2A081DD300B403FB /* Build configuration list for PBXNativeTarget "ticTacToe" */ = {
			isa = XCConfigurationList;
			buildConfigurations = (
				D6BD6E6B2A081DD300B403FB /* Debug */,
				D6BD6E6C2A081DD300B403FB /* Release */,
			);
			defaultConfigurationIsVisible = 0;
			defaultConfigurationName = Release;
		};
/* End XCConfigurationList section */
	};
	rootObject = D6BD6E542A081DD200B403FB /* Project object */;
}
